Microsoft Visual Studio Solution File, Format Version 12.00
# Visual Studio 15
VisualStudioVersion = 15.0.26621.2
MinimumVisualStudioVersion = 10.0.40219.1
Project("{D954291E-2A0B-460D-934E-DC6B0785DB48}") = "IO.Swagger.Shared", "src\IO.Swagger.Shared\IO.Swagger.Shared.shproj", "{E563B1D4-8996-4D29-B045-46D309ABD843}"
EndProject
Project("{9A19103F-16F7-4668-BE54-9A1E7A4F7556}") = "IO.Swagger", "src\IO.Swagger\IO.Swagger.csproj", "{B21CD27A-CD2F-46E7-8297-4213C6A7E091}"
EndProject
Project("{9A19103F-16F7-4668-BE54-9A1E7A4F7556}") = "IO.Swagger.Test", "src\IO.Swagger.Test\IO.Swagger.Test.csproj", "{D0DF97B2-15CF-4774-8E8D-A0E062F6236A}"
EndProject
Global
	GlobalSection(SharedMSBuildProjectFiles) = preSolution
		src\IO.Swagger.Shared\IO.Swagger.Shared.projitems*{e563b1d4-8996-4d29-b045-46d309abd843}*SharedItemsImports = 13
	EndGlobalSection
	GlobalSection(SolutionConfigurationPlatforms) = preSolution
		Debug|Any CPU = Debug|Any CPU
		Release|Any CPU = Release|Any CPU
	EndGlobalSection
	GlobalSection(ProjectConfigurationPlatforms) = postSolution
		{B21CD27A-CD2F-46E7-8297-4213C6A7E091}.Debug|Any CPU.ActiveCfg = Debug|Any CPU
		{B21CD27A-CD2F-46E7-8297-4213C6A7E091}.Debug|Any CPU.Build.0 = Debug|Any CPU
		{B21CD27A-CD2F-46E7-8297-4213C6A7E091}.Release|Any CPU.ActiveCfg = Release|Any CPU
		{B21CD27A-CD2F-46E7-8297-4213C6A7E091}.Release|Any CPU.Build.0 = Release|Any CPU
		{D0DF97B2-15CF-4774-8E8D-A0E062F6236A}.Debug|Any CPU.ActiveCfg = Debug|Any CPU
		{D0DF97B2-15CF-4774-8E8D-A0E062F6236A}.Debug|Any CPU.Build.0 = Debug|Any CPU
		{D0DF97B2-15CF-4774-8E8D-A0E062F6236A}.Release|Any CPU.ActiveCfg = Release|Any CPU
		{D0DF97B2-15CF-4774-8E8D-A0E062F6236A}.Release|Any CPU.Build.0 = Release|Any CPU
	EndGlobalSection
	GlobalSection(SolutionProperties) = preSolution
		HideSolutionNode = FALSE
	EndGlobalSection
	GlobalSection(ExtensibilityGlobals) = postSolution
		SolutionGuid = {C4D4FB20-3763-42B8-8C5B-7543D6419AB2}
	EndGlobalSection
EndGlobal
